github.com/clbanning/x2j v0.0.0-20180326210544-5e605d46809c h1:gZ7YRTPnL5fRduIw4unEfQWLB/DInK29N2zYza16wfQ=
github.com/clbanning/x2j v0.0.0-20180326210544-5e605d46809c/go.mod h1:jMjuTZXRI4dUb/I5gc9Hdhagfvm9+RyrPryS/auMzxE=
github.com/davecgh/go-spew v1.1.1/go.mod h1:J7Y8YcW2NihsgmVo/mv3lAwl/skON4iLHjSsI+c5H38=
github.com/gobuffalo/envy v1.6.7 h1:XMZGuFqTupAXhZTriQ+qO38QvNOSU/0rl3hEPCFci/4=
github.com/gobuffalo/envy v1.6.7/go.mod h1:N+GkhhZ/93bGZc6ZKhJLP6+m+tCNPKwgSpH9kaifseQ=
github.com/gobuffalo/packd v0.0.0-20181031195726-c82734870264 h1:roWyi0eEdiFreSqW9V1wT9pNOVzrpo2NWsxja53slX0=
github.com/gobuffalo/packd v0.0.0-20181031195726-c82734870264/go.mod h1:Yf2toFaISlyQrr5TfO3h6DB9pl9mZRmyvBGQb/aQ/pI=
github.com/gobuffalo/packd v0.0.0-20181103221656-16c4ed88b296 h1:OQuPJSXvUiml6ybOVMsVHVzuctcWMwd1IOlnyKfnQJo=
github.com/gobuffalo/packd v0.0.0-20181103221656-16c4ed88b296/go.mod h1:Yf2toFaISlyQrr5TfO3h6DB9pl9mZRmyvBGQb/aQ/pI=
github.com/gobuffalo/packr v1.19.0 h1:3UDmBDxesCOPF8iZdMDBBWKfkBoYujIMIZePnobqIUI=
github.com/gobuffalo/packr v1.19.0/go.mod h1:MstrNkfCQhd5o+Ct4IJ0skWlxN8emOq8DsoT1G98VIU=
github.com/gorilla/websocket v1.4.0 h1:WDFjx/TMzVgy9VdMMQi2K2Emtwi2QcUQsztZ/zLaH/Q=
github.com/gorilla/websocket v1.4.0/go.mod h1:E7qHFY5m1UJ88s3WnNqhKjPHQ0heANvMoAMk2YaljkQ=
github.com/inconshreveable/mousetrap v1.0.0/go.mod h1:PxqpIevigyE2G7u3NXJIT2ANytuPF1OarO4DADm73n8=
github.com/joho/godotenv v1.3.0 h1:Zjp+RcGpHhGlrMbJzXTrZZPrWj+1vfm90La1wgB6Bhc=
github.com/joho/godotenv v1.3.0/go.mod h1:7hK45KPybAkOC6peb+G5yklZfMxEjkZhHbwpqxOKXbg=
github.com/markbates/oncer v0.0.0-20181014194634-05fccaae8fc4 h1:Mlji5gkcpzkqTROyE4ZxZ8hN7osunMb2RuGVrbvMvCc=
github.com/markbates/oncer v0.0.0-20181014194634-05fccaae8fc4/go.mod h1:Ld9puTsIW75CHf65OeIOkyKbteujpZVXDpWK6YGZbxE=
github.com/oreilly-japan/go-programming-blueprints v0.0.0-20170214022001-a99fad583e18 h1:yt1uvNVTofJ1AoE/FQud5lnq399pqgUc6WR+LmGNbVA=
github.com/oreilly-japan/go-programming-blueprints v0.0.0-20170214022001-a99fad583e18/go.mod h1:u54TyPQbMVoeE42EKrTckzSVKBWDRMqfscpeGrPwk+g=
github.com/pkg/errors v0.8.0 h1:WdK/asTD0HN+q6hsWO3/vpuAkAr+tw6aNJNDFFf0+qw=
github.com/pkg/errors v0.8.0/go.mod h1:bwawxfHBFNV+L2hUp1rHADufV3IMtnDRdf1r5NINEl0=
github.com/pmezard/go-difflib v1.0.0/go.mod h1:iKH77koFhYxTK1pcRnkKkqfTogsbg7gZNVY4sRDYZ/4=
github.com/spf13/cobra v0.0.3 h1:ZlrZ4XsMRm04Fr5pSFxBgfND2EBVa1nLpiy1stUsX/8=
github.com/spf13/cobra v0.0.3/go.mod h1:1l0Ry5zgKvJasoi3XT1TypsSe7PqH0Sj9dhYf7v3XqQ=
github.com/spf13/pflag v1.0.3 h1:zPAT6CGy6wXeQ7NtTnaTerfKOsV6V6F8agHXFiazDkg=
github.com/spf13/pflag v1.0.3/go.mod h1:DYY7MBk1bdzusC3SYhjObp+wFpr4gzcvqqNjLnInEg4=
github.com/stretchr/codecs v0.0.0-20170403063245-04a5b1e1910d h1:gXQ+QS3q874pcayiqszimfHPQ7ySFcekgzBMoTaVawk=
github.com/stretchr/codecs v0.0.0-20170403063245-04a5b1e1910d/go.mod h1:RpfDhdqip2BYhzoE4esKm8axH5VywpvMW9o3wfcamek=
github.com/stretchr/gomniauth v0.0.0-20170717123514-4b6c822be2eb h1:6lYIg/SCrz3gsCsEpRpK0BW3tBGt4VuQKlAleoxCgCc=
github.com/stretchr/gomniauth v0.0.0-20170717123514-4b6c822be2eb/go.mod h1:5wVraTCYvqbNMRjmSIIcrJMASXdoHeXm8j8AON7WobA=
github.com/stretchr/objx v0.1.1 h1:2vfRuCMp5sSVIDSqO8oNnWJq7mPa6KVP3iPIwFBuy8A=
github.com/stretchr/objx v0.1.1/go.mod h1:HFkY916IF+rwdDfMAkV7OtwuqBVzrE8GR6GFx+wExME=
github.com/stretchr/signature v0.0.0-20160104132143-168b2a1e1b56 h1:BTR9AeovoABP8KnaBkzNtp7y/+x1n5GbOHwp3QisE1k=
github.com/stretchr/signature v0.0.0-20160104132143-168b2a1e1b56/go.mod h1:p8v7xBdwApv7pgPN+8jQ3LpBQJDAusrtE+YBWBbab9Q=
github.com/stretchr/stew v0.0.0-20130812190256-80ef0842b48b h1:DmfFjW6pLdaJNVHfKgCxTdKFI6tM+0YbMd0kx7kE78s=
github.com/stretchr/stew v0.0.0-20130812190256-80ef0842b48b/go.mod h1:yS/5aMz+lfJhykLjlAGbnhUhZIvVapOvtmk0MtzHktE=
github.com/stretchr/testify v1.2.2/go.mod h1:a8OnRcib4nhh0OaRAV+Yts87kKdq0PP7pXfy6kDkUVs=
github.com/stretchr/tracer v0.0.0-20140124184152-66d3696bba97 h1:ZXZ3Ko4supnaInt/pSZnq3QL65Qx/KSZTUPMJH5RlIk=
github.com/stretchr/tracer v0.0.0-20140124184152-66d3696bba97/go.mod h1:H0mYc1JTiYc9K0keLMYcR2ybyeom20X4cOYrKya1M1Y=
github.com/ugorji/go/codec v0.0.0-20181022190402-e5e69e061d4f h1:y3Vj7GoDdcBkxFa2RUUFKM25TrBbWVDnjRDI0u975zQ=
github.com/ugorji/go/codec v0.0.0-20181022190402-e5e69e061d4f/go.mod h1:VFNgLljTbGfSG7qAOspJ7OScBnGdDN/yBr0sguwnwf0=
golang.org/x/net v0.0.0-20181102091132-c10e9556a7bc h1:ZMCWScCvS2fUVFw8LOpxyUUW5qiviqr4Dg5NdjLeiLU=
golang.org/x/net v0.0.0-20181102091132-c10e9556a7bc/go.mod h1:mL1N/T3taQHkDXs73rZJwtUhF3w3ftmwwsq0BUmARs4=
golang.org/x/sync v0.0.0-20180314180146-1d60e4601c6f h1:wMNYb4v58l5UBM7MYRLPG6ZhfOqbKu7X5eyFl8ZhKvA=
golang.org/x/sync v0.0.0-20180314180146-1d60e4601c6f/go.mod h1:RxMgew5VJxzue5/jJTE5uejpjVlOe/izrB70Jof72aM=
gopkg.in/mgo.v2 v2.0.0-20180705113604-9856a29383ce h1:xcEWjVhvbDy+nHP67nPDDpbYrY+ILlfndk4bRioVHaU=
gopkg.in/mgo.v2 v2.0.0-20180705113604-9856a29383ce/go.mod h1:yeKp02qBN3iKW1OzL3MGk2IdtZzaj7SFntXj72NppTA=
